
Microsoft Visual Studio Solution File, Format Version 12.00
# Visual Studio Version 17
VisualStudioVersion = 17.8.34322.80
MinimumVisualStudioVersion = 10.0.40219.1
Project("{FAE04EC0-301F-11D3-BF4B-00C04F79EFBC}") = "01_C#EgitimKampi_MainSubjects", "01_C#EgitimKampi_MainSubjects\01_C#EgitimKampi_MainSubjects.csproj", "{9A3C04A9-16D1-4188-B5E4-6FAE3C2936BC}"
EndProject
Project("{FAE04EC0-301F-11D3-BF4B-00C04F79EFBC}") = "02_Variables", "02_Variables\02_Variables.csproj", "{1D63B98A-4E51-4C3D-98C5-73BE0F2E1BC2}"
EndProject
Project("{FAE04EC0-301F-11D3-BF4B-00C04F79EFBC}") = "03_MakingDecision", "03_MakingDecision\03_MakingDecision.csproj", "{00847752-6CDB-4E85-B6CF-967F5254FBE1}"
EndProject
Global
	GlobalSection(SolutionConfigurationPlatforms) = preSolution
		Debug|Any CPU = Debug|Any CPU
		Release|Any CPU = Release|Any CPU
	EndGlobalSection
	GlobalSection(ProjectConfigurationPlatforms) = postSolution
		{9A3C04A9-16D1-4188-B5E4-6FAE3C2936BC}.Debug|Any CPU.ActiveCfg = Debug|Any CPU
		{9A3C04A9-16D1-4188-B5E4-6FAE3C2936BC}.Debug|Any CPU.Build.0 = Debug|Any CPU
		{9A3C04A9-16D1-4188-B5E4-6FAE3C2936BC}.Release|Any CPU.ActiveCfg = Release|Any CPU
		{9A3C04A9-16D1-4188-B5E4-6FAE3C2936BC}.Release|Any CPU.Build.0 = Release|Any CPU
		{1D63B98A-4E51-4C3D-98C5-73BE0F2E1BC2}.Debug|Any CPU.ActiveCfg = Debug|Any CPU
		{1D63B98A-4E51-4C3D-98C5-73BE0F2E1BC2}.Debug|Any CPU.Build.0 = Debug|Any CPU
		{1D63B98A-4E51-4C3D-98C5-73BE0F2E1BC2}.Release|Any CPU.ActiveCfg = Release|Any CPU
		{1D63B98A-4E51-4C3D-98C5-73BE0F2E1BC2}.Release|Any CPU.Build.0 = Release|Any CPU
		{00847752-6CDB-4E85-B6CF-967F5254FBE1}.Debug|Any CPU.ActiveCfg = Debug|Any CPU
		{00847752-6CDB-4E85-B6CF-967F5254FBE1}.Debug|Any CPU.Build.0 = Debug|Any CPU
		{00847752-6CDB-4E85-B6CF-967F5254FBE1}.Release|Any CPU.ActiveCfg = Release|Any CPU
		{00847752-6CDB-4E85-B6CF-967F5254FBE1}.Release|Any CPU.Build.0 = Release|Any CPU
	EndGlobalSection
	GlobalSection(SolutionProperties) = preSolution
		HideSolutionNode = FALSE
	EndGlobalSection
	GlobalSection(ExtensibilityGlobals) = postSolution
		SolutionGuid = {E8F23F86-4FD1-49F4-ADF3-B60DFA512FE1}
	EndGlobalSection
EndGlobal
